lockfileVersion: '9.0'

settings:
  autoInstallPeers: true
  excludeLinksFromLockfile: false

importers:

  .:
    dependencies:
      openai:
        specifier: ^5.9.1
        version: 5.9.1

packages:

  openai@5.9.1:
    resolution: {integrity: sha512-I4mDBilNVjnobi6XXB0IN5dNwNRzQ1Bs/p8XCEZPy6Q+i8uwncT8d+Cx5CHTrLOE+n0p5M3QFDr5BoDzubMOdg==}
    hasBin: true
    peerDependencies:
      ws: ^8.18.0
      zod: ^3.23.8
    peerDependenciesMeta:
      ws:
        optional: true
      zod:
        optional: true

snapshots:

  openai@5.9.1: {}
